
Microsoft Visual Studio Solution File, Format Version 12.00
# Visual Studio Version 16
VisualStudioVersion = 16.0.31105.61
MinimumVisualStudioVersion = 10.0.40219.1
Project("{2150E333-8FDC-42A3-9474-1A3956D46DE8}") = "Business", "Business", "{05142C48-6303-490B-B6CC-03ACDF6375ED}"
EndProject
Project("{2150E333-8FDC-42A3-9474-1A3956D46DE8}") = "DAL", "DAL", "{E261345D-B8A6-4CF1-AF33-03E4A205F81C}"
EndProject
Project("{9A19103F-16F7-4668-BE54-9A1E7A4F7556}") = "EventSpikeBack.Api", "EventSpikeBack.Api\EventSpikeBack.Api.csproj", "{77214A6D-1BB9-449E-AF98-39A8DFDB9E55}"
EndProject
Project("{9A19103F-16F7-4668-BE54-9A1E7A4F7556}") = "EventSpikeBack.Domain", "EventSpikeBack.Domain\EventSpikeBack.Domain.csproj", "{336B0317-CFEB-42A3-8BE1-2F3232E8E08D}"
EndProject
Project("{9A19103F-16F7-4668-BE54-9A1E7A4F7556}") = "EventSpikeBack.Interfaces", "EventSpikeBack.Interfaces\EventSpikeBack.Interfaces.csproj", "{0AF33A43-96E7-466D-A9A5-A36FD465300A}"
EndProject
Project("{9A19103F-16F7-4668-BE54-9A1E7A4F7556}") = "EventSpikeBack.Services", "EventSpikeBack.Services\EventSpikeBack.Services.csproj", "{7ACE90B0-B508-4720-A4D5-B26B4597C87F}"
EndProject
Project("{9A19103F-16F7-4668-BE54-9A1E7A4F7556}") = "EventSpikeBack.Repositories", "EventSpikeBack.Repositories\EventSpikeBack.Repositories.csproj", "{D10A6C34-07E5-4786-B23D-AA8E56D2DEE7}"
EndProject
Project("{9A19103F-16F7-4668-BE54-9A1E7A4F7556}") = "EventSpikeBack.Mapper", "EventSpikeBack.Mapping\EventSpikeBack.Mapper.csproj", "{BBFA8F93-0F0A-4197-956B-077C57ABB6C6}"
EndProject
Project("{9A19103F-16F7-4668-BE54-9A1E7A4F7556}") = "EventSpikeBack.Context", "EventSpikeBack.Context\EventSpikeBack.Context.csproj", "{47CB8461-29DB-433C-912E-9004D62FD414}"
EndProject
Global
	GlobalSection(SolutionConfigurationPlatforms) = preSolution
		Debug|Any CPU = Debug|Any CPU
		Release|Any CPU = Release|Any CPU
	EndGlobalSection
	GlobalSection(ProjectConfigurationPlatforms) = postSolution
		{77214A6D-1BB9-449E-AF98-39A8DFDB9E55}.Debug|Any CPU.ActiveCfg = Debug|Any CPU
		{77214A6D-1BB9-449E-AF98-39A8DFDB9E55}.Debug|Any CPU.Build.0 = Debug|Any CPU
		{77214A6D-1BB9-449E-AF98-39A8DFDB9E55}.Release|Any CPU.ActiveCfg = Release|Any CPU
		{77214A6D-1BB9-449E-AF98-39A8DFDB9E55}.Release|Any CPU.Build.0 = Release|Any CPU
		{336B0317-CFEB-42A3-8BE1-2F3232E8E08D}.Debug|Any CPU.ActiveCfg = Debug|Any CPU
		{336B0317-CFEB-42A3-8BE1-2F3232E8E08D}.Debug|Any CPU.Build.0 = Debug|Any CPU
		{336B0317-CFEB-42A3-8BE1-2F3232E8E08D}.Release|Any CPU.ActiveCfg = Release|Any CPU
		{336B0317-CFEB-42A3-8BE1-2F3232E8E08D}.Release|Any CPU.Build.0 = Release|Any CPU
		{0AF33A43-96E7-466D-A9A5-A36FD465300A}.Debug|Any CPU.ActiveCfg = Debug|Any CPU
		{0AF33A43-96E7-466D-A9A5-A36FD465300A}.Debug|Any CPU.Build.0 = Debug|Any CPU
		{0AF33A43-96E7-466D-A9A5-A36FD465300A}.Release|Any CPU.ActiveCfg = Release|Any CPU
		{0AF33A43-96E7-466D-A9A5-A36FD465300A}.Release|Any CPU.Build.0 = Release|Any CPU
		{7ACE90B0-B508-4720-A4D5-B26B4597C87F}.Debug|Any CPU.ActiveCfg = Debug|Any CPU
		{7ACE90B0-B508-4720-A4D5-B26B4597C87F}.Debug|Any CPU.Build.0 = Debug|Any CPU
		{7ACE90B0-B508-4720-A4D5-B26B4597C87F}.Release|Any CPU.ActiveCfg = Release|Any CPU
		{7ACE90B0-B508-4720-A4D5-B26B4597C87F}.Release|Any CPU.Build.0 = Release|Any CPU
		{D10A6C34-07E5-4786-B23D-AA8E56D2DEE7}.Debug|Any CPU.ActiveCfg = Debug|Any CPU
		{D10A6C34-07E5-4786-B23D-AA8E56D2DEE7}.Debug|Any CPU.Build.0 = Debug|Any CPU
		{D10A6C34-07E5-4786-B23D-AA8E56D2DEE7}.Release|Any CPU.ActiveCfg = Release|Any CPU
		{D10A6C34-07E5-4786-B23D-AA8E56D2DEE7}.Release|Any CPU.Build.0 = Release|Any CPU
		{BBFA8F93-0F0A-4197-956B-077C57ABB6C6}.Debug|Any CPU.ActiveCfg = Debug|Any CPU
		{BBFA8F93-0F0A-4197-956B-077C57ABB6C6}.Debug|Any CPU.Build.0 = Debug|Any CPU
		{BBFA8F93-0F0A-4197-956B-077C57ABB6C6}.Release|Any CPU.ActiveCfg = Release|Any CPU
		{BBFA8F93-0F0A-4197-956B-077C57ABB6C6}.Release|Any CPU.Build.0 = Release|Any CPU
		{47CB8461-29DB-433C-912E-9004D62FD414}.Debug|Any CPU.ActiveCfg = Debug|Any CPU
		{47CB8461-29DB-433C-912E-9004D62FD414}.Debug|Any CPU.Build.0 = Debug|Any CPU
		{47CB8461-29DB-433C-912E-9004D62FD414}.Release|Any CPU.ActiveCfg = Release|Any CPU
		{47CB8461-29DB-433C-912E-9004D62FD414}.Release|Any CPU.Build.0 = Release|Any CPU
	EndGlobalSection
	GlobalSection(SolutionProperties) = preSolution
		HideSolutionNode = FALSE
	EndGlobalSection
	GlobalSection(NestedProjects) = preSolution
		{336B0317-CFEB-42A3-8BE1-2F3232E8E08D} = {05142C48-6303-490B-B6CC-03ACDF6375ED}
		{0AF33A43-96E7-466D-A9A5-A36FD465300A} = {05142C48-6303-490B-B6CC-03ACDF6375ED}
		{7ACE90B0-B508-4720-A4D5-B26B4597C87F} = {05142C48-6303-490B-B6CC-03ACDF6375ED}
		{D10A6C34-07E5-4786-B23D-AA8E56D2DEE7} = {E261345D-B8A6-4CF1-AF33-03E4A205F81C}
		{BBFA8F93-0F0A-4197-956B-077C57ABB6C6} = {E261345D-B8A6-4CF1-AF33-03E4A205F81C}
		{47CB8461-29DB-433C-912E-9004D62FD414} = {E261345D-B8A6-4CF1-AF33-03E4A205F81C}
	EndGlobalSection
	GlobalSection(ExtensibilityGlobals) = postSolution
		SolutionGuid = {E1B3E82E-1315-4536-B054-5097681C5D5B}
	EndGlobalSection
EndGlobal
